
Microsoft Visual Studio Solution File, Format Version 12.00
# Visual Studio Version 16
VisualStudioVersion = 16.0.31005.135
MinimumVisualStudioVersion = 10.0.40219.1
Project("{FAE04EC0-301F-11D3-BF4B-00C04F79EFBC}") = "DemEkzDemo", "DemEkzDemo.csproj", "{02E0C260-4F20-4F2D-BEEE-115006ECEBB7}"
EndProject
Global
	GlobalSection(SolutionConfigurationPlatforms) = preSolution
		Debug|Any CPU = Debug|Any CPU
		Release|Any CPU = Release|Any CPU
	EndGlobalSection
	GlobalSection(ProjectConfigurationPlatforms) = postSolution
		{02E0C260-4F20-4F2D-BEEE-115006ECEBB7}.Debug|Any CPU.ActiveCfg = Debug|Any CPU
		{02E0C260-4F20-4F2D-BEEE-115006ECEBB7}.Debug|Any CPU.Build.0 = Debug|Any CPU
		{02E0C260-4F20-4F2D-BEEE-115006ECEBB7}.Release|Any CPU.ActiveCfg = Release|Any CPU
		{02E0C260-4F20-4F2D-BEEE-115006ECEBB7}.Release|Any CPU.Build.0 = Release|Any CPU
	EndGlobalSection
	GlobalSection(SolutionProperties) = preSolution
		HideSolutionNode = FALSE
	EndGlobalSection
	GlobalSection(ExtensibilityGlobals) = postSolution
		SolutionGuid = {8385A7AD-246B-4399-94D4-9C144AA7572F}
	EndGlobalSection
EndGlobal
